
Microsoft Visual Studio Solution File, Format Version 12.00
# Visual Studio 2012
Project("{FAE04EC0-301F-11D3-BF4B-00C04F79EFBC}") = "SmartHome", "ConsoleApplication_SmartHome\SmartHome.csproj", "{E7FA6386-DBC1-42B8-85ED-5EA98ED62117}"
EndProject
Global
	GlobalSection(SolutionConfigurationPlatforms) = preSolution
		Debug|Any CPU = Debug|Any CPU
		Release|Any CPU = Release|Any CPU
	EndGlobalSection
	GlobalSection(ProjectConfigurationPlatforms) = postSolution
		{E7FA6386-DBC1-42B8-85ED-5EA98ED62117}.Debug|Any CPU.ActiveCfg = Debug|Any CPU
		{E7FA6386-DBC1-42B8-85ED-5EA98ED62117}.Debug|Any CPU.Build.0 = Debug|Any CPU
		{E7FA6386-DBC1-42B8-85ED-5EA98ED62117}.Release|Any CPU.ActiveCfg = Release|Any CPU
		{E7FA6386-DBC1-42B8-85ED-5EA98ED62117}.Release|Any CPU.Build.0 = Release|Any CPU
	EndGlobalSection
	GlobalSection(SolutionProperties) = preSolution
		HideSolutionNode = FALSE
	EndGlobalSection
EndGlobal
